
Microsoft Visual Studio Solution File, Format Version 12.00
# Visual Studio Version 16
VisualStudioVersion = 16.0.29613.14
MinimumVisualStudioVersion = 10.0.40219.1
Project("{9A19103F-16F7-4668-BE54-9A1E7A4F7556}") = "OmdbMediaSearchFacility", "OmdbMediaSearchFacility\OmdbMediaSearchFacility.csproj", "{79AA60A6-E57D-421C-A0C6-0899B950C7D1}"
EndProject
Global
	GlobalSection(SolutionConfigurationPlatforms) = preSolution
		Debug|Any CPU = Debug|Any CPU
		Release|Any CPU = Release|Any CPU
	EndGlobalSection
	GlobalSection(ProjectConfigurationPlatforms) = postSolution
		{79AA60A6-E57D-421C-A0C6-0899B950C7D1}.Debug|Any CPU.ActiveCfg = Debug|Any CPU
		{79AA60A6-E57D-421C-A0C6-0899B950C7D1}.Debug|Any CPU.Build.0 = Debug|Any CPU
		{79AA60A6-E57D-421C-A0C6-0899B950C7D1}.Release|Any CPU.ActiveCfg = Release|Any CPU
		{79AA60A6-E57D-421C-A0C6-0899B950C7D1}.Release|Any CPU.Build.0 = Release|Any CPU
	EndGlobalSection
	GlobalSection(SolutionProperties) = preSolution
		HideSolutionNode = FALSE
	EndGlobalSection
	GlobalSection(ExtensibilityGlobals) = postSolution
		SolutionGuid = {040D596F-00E9-4714-9FEA-F83F23EFD383}
	EndGlobalSection
EndGlobal
